// !$*UTF8*$!
{
	archiveVersion = 1;
	classes = {
	};
	objectVersion = 50;
	objects = {

/* Begin PBXBuildFile section */
		BFE508902447327C006A508B /* AppDelegate.m in Sources */ = {isa = PBXBuildFile; fileRef = BFE5088F2447327C006A508B /* AppDelegate.m */; };
		BFE508932447327C006A508B /* SceneDelegate.m in Sources */ = {isa = PBXBuildFile; fileRef = BFE508922447327C006A508B /* SceneDelegate.m */; };
		BFE508962447327C006A508B /* ViewController.m in Sources */ = {isa = PBXBuildFile; fileRef = BFE508952447327C006A508B /* ViewController.m */; };
		BFE508992447327C006A508B /* Main.storyboard in Resources */ = {isa = PBXBuildFile; fileRef = BFE508972447327C006A508B /* Main.storyboard */; };
		BFE5089B2447327E006A508B /* Assets.xcassets in Resources */ = {isa = PBXBuildFile; fileRef = BFE5089A2447327E006A508B /* Assets.xcassets */; };
		BFE5089E2447327E006A508B /* LaunchScreen.storyboard in Resources */ = {isa = PBXBuildFile; fileRef = BFE5089C2447327E006A508B /* LaunchScreen.storyboard */; };
		BFE508A12447327E006A508B /* main.m in Sources */ = {isa = PBXBuildFile; fileRef = BFE508A02447327E006A508B /* main.m */; };
		BFE508A9244732B8006A508B /* WKWebViewHelper.m in Sources */ = {isa = PBXBuildFile; fileRef = BFE508A8244732B8006A508B /* WKWebViewHelper.m */; };
		BFE508AB24474366006A508B /* index.html in Resources */ = {isa = PBXBuildFile; fileRef = BFE508AA24474366006A508B /* index.html */; };
/* End PBXBuildFile section */

/* Begin PBXFileReference section */
		BFE5088B2447327C006A508B /* LeeWkWebView.app */ = {isa = PBXFileReference; explicitFileType = wrapper.application; includeInIndex = 0; path = LeeWkWebView.app; sourceTree = BUILT_PRODUCTS_DIR; };
		BFE5088E2447327C006A508B /* AppDelegate.h */ = {isa = PBXFileReference; lastKnownFileType = sourcecode.c.h; path = AppDelegate.h; sourceTree = "<group>"; };
		BFE5088F2447327C006A508B /* AppDelegate.m */ = {isa = PBXFileReference; lastKnownFileType = sourcecode.c.objc; path = AppDelegate.m; sourceTree = "<group>"; };
		BFE508912447327C006A508B /* SceneDelegate.h */ = {isa = PBXFileReference; lastKnownFileType = sourcecode.c.h; path = SceneDelegate.h; sourceTree = "<group>"; };
		BFE508922447327C006A508B /* SceneDelegate.m */ = {isa = PBXFileReference; lastKnownFileType = sourcecode.c.objc; path = SceneDelegate.m; sourceTree = "<group>"; };
		BFE508942447327C006A508B /* ViewController.h */ = {isa = PBXFileReference; lastKnownFileType = sourcecode.c.h; path = ViewController.h; sourceTree = "<group>"; };
		BFE508952447327C006A508B /* ViewController.m */ = {isa = PBXFileReference; lastKnownFileType = sourcecode.c.objc; path = ViewController.m; sourceTree = "<group>"; };
		BFE508982447327C006A508B /* Base */ = {isa = PBXFileReference; lastKnownFileType = file.storyboard; name = Base; path = Base.lproj/Main.storyboard; sourceTree = "<group>"; };
		BFE5089A2447327E006A508B /* Assets.xcassets */ = {isa = PBXFileReference; lastKnownFileType = folder.assetcatalog; path = Assets.xcassets; sourceTree = "<group>"; };
		BFE5089D2447327E006A508B /* Base */ = {isa = PBXFileReference; lastKnownFileType = file.storyboard; name = Base; path = Base.lproj/LaunchScreen.storyboard; sourceTree = "<group>"; };
		BFE5089F2447327E006A508B /* Info.plist */ = {isa = PBXFileReference; lastKnownFileType = text.plist.xml; path = Info.plist; sourceTree = "<group>"; };
		BFE508A02447327E006A508B /* main.m */ = {isa = PBXFileReference; lastKnownFileType = sourcecode.c.objc; path = main.m; sourceTree = "<group>"; };
		BFE508A7244732B8006A508B /* WKWebViewHelper.h */ = {isa = PBXFileReference; lastKnownFileType = sourcecode.c.h; path = WKWebViewHelper.h; sourceTree = "<group>"; };
		BFE508A8244732B8006A508B /* WKWebViewHelper.m */ = {isa = PBXFileReference; lastKnownFileType = sourcecode.c.objc; path = WKWebViewHelper.m; sourceTree = "<group>"; };
		BFE508AA24474366006A508B /* index.html */ = {isa = PBXFileReference; fileEncoding = 4; lastKnownFileType = text.html; path = index.html; sourceTree = "<group>"; };
/* End PBXFileReference section */

/* Begin PBXFrameworksBuildPhase section */
		BFE508882447327C006A508B /* Frameworks */ = {
			isa = PBXFrameworksBuildPhase;
			buildActionMask = 2147483647;
			files = (
			);
			runOnlyForDeploymentPostprocessing = 0;
		};
/* End PBXFrameworksBuildPhase section */

/* Begin PBXGroup section */
		BFE508822447327C006A508B = {
			isa = PBXGroup;
			children = (
				BFE5088D2447327C006A508B /* LeeWkWebView */,
				BFE5088C2447327C006A508B /* Products */,
			);
			sourceTree = "<group>";
		};
		BFE5088C2447327C006A508B /* Products */ = {
			isa = PBXGroup;
			children = (
				BFE5088B2447327C006A508B /* LeeWkWebView.app */,
			);
			name = Products;
			sourceTree = "<group>";
		};
		BFE5088D2447327C006A508B /* LeeWkWebView */ = {
			isa = PBXGroup;
			children = (
				BFE508AA24474366006A508B /* index.html */,
				BFE5088E2447327C006A508B /* AppDelegate.h */,
				BFE5088F2447327C006A508B /* AppDelegate.m */,
				BFE508912447327C006A508B /* SceneDelegate.h */,
				BFE508922447327C006A508B /* SceneDelegate.m */,
				BFE508942447327C006A508B /* ViewController.h */,
				BFE508952447327C006A508B /* ViewController.m */,
				BFE508972447327C006A508B /* Main.storyboard */,
				BFE5089A2447327E006A508B /* Assets.xcassets */,
				BFE5089C2447327E006A508B /* LaunchScreen.storyboard */,
				BFE5089F2447327E006A508B /* Info.plist */,
				BFE508A02447327E006A508B /* main.m */,
				BFE508A7244732B8006A508B /* WKWebViewHelper.h */,
				BFE508A8244732B8006A508B /* WKWebViewHelper.m */,
			);
			path = LeeWkWebView;
			sourceTree = "<group>";
		};
/* End PBXGroup section */

/* Begin PBXNativeTarget section */
		BFE5088A2447327C006A508B /* LeeWkWebView */ = {
			isa = PBXNativeTarget;
			buildConfigurationList = BFE508A42447327E006A508B /* Build configuration list for PBXNativeTarget "LeeWkWebView" */;
			buildPhases = (
				BFE508872447327C006A508B /* Sources */,
				BFE508882447327C006A508B /* Frameworks */,
				BFE508892447327C006A508B /* Resources */,
			);
			buildRules = (
			);
			dependencies = (
			);
			name = LeeWkWebView;
			productName = LeeWkWebView;
			productReference = BFE5088B2447327C006A508B /* LeeWkWebView.app */;
			productType = "com.apple.product-type.application";
		};
/* End PBXNativeTarget section */

/* Begin PBXProject section */
		BFE508832447327C006A508B /* Project object */ = {
			isa = PBXProject;
			attributes = {
				LastUpgradeCheck = 1140;
				ORGANIZATIONNAME = "李雨龙";
				TargetAttributes = {
					BFE5088A2447327C006A508B = {
						CreatedOnToolsVersion = 11.4;
					};
				};
			};
			buildConfigurationList = BFE508862447327C006A508B /* Build configuration list for PBXProject "LeeWkWebView" */;
			compatibilityVersion = "Xcode 9.3";
			developmentRegion = en;
			hasScannedForEncodings = 0;
			knownRegions = (
				en,
				Base,
			);
			mainGroup = BFE508822447327C006A508B;
			productRefGroup = BFE5088C2447327C006A508B /* Products */;
			projectDirPath = "";
			projectRoot = "";
			targets = (
				BFE5088A2447327C006A508B /* LeeWkWebView */,
			);
		};
/* End PBXProject section */

/* Begin PBXResourcesBuildPhase section */
		BFE508892447327C006A508B /* Resources */ = {
			isa = PBXResourcesBuildPhase;
			buildActionMask = 2147483647;
			files = (
				BFE5089E2447327E006A508B /* LaunchScreen.storyboard in Resources */,
				BFE508AB24474366006A508B /* index.html in Resources */,
				BFE5089B2447327E006A508B /* Assets.xcassets in Resources */,
				BFE508992447327C006A508B /* Main.storyboard in Resources */,
			);
			runOnlyForDeploymentPostprocessing = 0;
		};
/* End PBXResourcesBuildPhase section */

/* Begin PBXSourcesBuildPhase section */
		BFE508872447327C006A508B /* Sources */ = {
			isa = PBXSourcesBuildPhase;
			buildActionMask = 2147483647;
			files = (
				BFE508962447327C006A508B /* ViewController.m in Sources */,
				BFE508902447327C006A508B /* AppDelegate.m in Sources */,
				BFE508A12447327E006A508B /* main.m in Sources */,
				BFE508A9244732B8006A508B /* WKWebViewHelper.m in Sources */,
				BFE508932447327C006A508B /* SceneDelegate.m in Sources */,
			);
			runOnlyForDeploymentPostprocessing = 0;
		};
/* End PBXSourcesBuildPhase section */

/* Begin PBXVariantGroup section */
		BFE508972447327C006A508B /* Main.storyboard */ = {
			isa = PBXVariantGroup;
			children = (
				BFE508982447327C006A508B /* Base */,
			);
			name = Main.storyboard;
			sourceTree = "<group>";
		};
		BFE5089C2447327E006A508B /* LaunchScreen.storyboard */ = {
			isa = PBXVariantGroup;
			children = (
				BFE5089D2447327E006A508B /* Base */,
			);
			name = LaunchScreen.storyboard;
			sourceTree = "<group>";
		};
/* End PBXVariantGroup section */

/* Begin XCBuildConfiguration section */
		BFE508A22447327E006A508B /* Debug */ = {
			isa = XCBuildConfiguration;
			buildSettings = {
				ALWAYS_SEARCH_USER_PATHS = NO;
				CLANG_ANALYZER_NONNULL = YES;
				CLANG_ANALYZER_NUMBER_OBJECT_CONVERSION = YES_AGGRESSIVE;
				CLANG_CXX_LANGUAGE_STANDARD = "gnu++14";
				CLANG_CXX_LIBRARY = "libc++";
				CLANG_ENABLE_MODULES = YES;
				CLANG_ENABLE_OBJC_ARC = YES;
				CLANG_ENABLE_OBJC_WEAK = YES;
				CLANG_WARN_BLOCK_CAPTURE_AUTORELEASING = YES;
				CLANG_WARN_BOOL_CONVERSION = YES;
				CLANG_WARN_COMMA = YES;
				CLANG_WARN_CONSTANT_CONVERSION = YES;
				CLANG_WARN_DEPRECATED_OBJC_IMPLEMENTATIONS = YES;
				CLANG_WARN_DIRECT_OBJC_ISA_USAGE = YES_ERROR;
				CLANG_WARN_DOCUMENTATION_COMMENTS = YES;
				CLANG_WARN_EMPTY_BODY = YES;
				CLANG_WARN_ENUM_CONVERSION = YES;
				CLANG_WARN_INFINITE_RECURSION = YES;
				CLANG_WARN_INT_CONVERSION = YES;
				CLANG_WARN_NON_LITERAL_NULL_CONVERSION = YES;
				CLANG_WARN_OBJC_IMPLICIT_RETAIN_SELF = YES;
				CLANG_WARN_OBJC_LITERAL_CONVERSION = YES;
				CLANG_WARN_OBJC_ROOT_CLASS = YES_ERROR;
				CLANG_WARN_RANGE_LOOP_ANALYSIS = YES;
				CLANG_WARN_STRICT_PROTOTYPES = YES;
				CLANG_WARN_SUSPICIOUS_MOVE = YES;
				CLANG_WARN_UNGUARDED_AVAILABILITY = YES_AGGRESSIVE;
				CLANG_WARN_UNREACHABLE_CODE = YES;
				CLANG_WARN__DUPLICATE_METHOD_MATCH = YES;
				COPY_PHASE_STRIP = NO;
				DEBUG_INFORMATION_FORMAT = dwarf;
				ENABLE_STRICT_OBJC_MSGSEND = YES;
				ENABLE_TESTABILITY = YES;
				GCC_C_LANGUAGE_STANDARD = gnu11;
				GCC_DYNAMIC_NO_PIC = NO;
				GCC_NO_COMMON_BLOCKS = YES;
				GCC_OPTIMIZATION_LEVEL = 0;
				GCC_PREPROCESSOR_DEFINITIONS = (
					"DEBUG=1",
					"$(inherited)",
				);
				GCC_WARN_64_TO_32_BIT_CONVERSION = YES;
				GCC_WARN_ABOUT_RETURN_TYPE = YES_ERROR;
				GCC_WARN_UNDECLARED_SELECTOR = YES;
				GCC_WARN_UNINITIALIZED_AUTOS = YES_AGGRESSIVE;
				GCC_WARN_UNUSED_FUNCTION = YES;
				GCC_WARN_UNUSED_VARIABLE = YES;
				IPHONEOS_DEPLOYMENT_TARGET = 13.4;
				MTL_ENABLE_DEBUG_INFO = INCLUDE_SOURCE;
				MTL_FAST_MATH = YES;
				ONLY_ACTIVE_ARCH = YES;
				SDKROOT = iphoneos;
			};
			name = Debug;
		};
		BFE508A32447327E006A508B /* Release */ = {
			isa = XCBuildConfiguration;
			buildSettings = {
				ALWAYS_SEARCH_USER_PATHS = NO;
				CLANG_ANALYZER_NONNULL = YES;
				CLANG_ANALYZER_NUMBER_OBJECT_CONVERSION = YES_AGGRESSIVE;
				CLANG_CXX_LANGUAGE_STANDARD = "gnu++14";
				CLANG_CXX_LIBRARY = "libc++";
				CLANG_ENABLE_MODULES = YES;
				CLANG_ENABLE_OBJC_ARC = YES;
				CLANG_ENABLE_OBJC_WEAK = YES;
				CLANG_WARN_BLOCK_CAPTURE_AUTORELEASING = YES;
				CLANG_WARN_BOOL_CONVERSION = YES;
				CLANG_WARN_COMMA = YES;
				CLANG_WARN_CONSTANT_CONVERSION = YES;
				CLANG_WARN_DEPRECATED_OBJC_IMPLEMENTATIONS = YES;
				CLANG_WARN_DIRECT_OBJC_ISA_USAGE = YES_ERROR;
				CLANG_WARN_DOCUMENTATION_COMMENTS = YES;
				CLANG_WARN_EMPTY_BODY = YES;
				CLANG_WARN_ENUM_CONVERSION = YES;
				CLANG_WARN_INFINITE_RECURSION = YES;
				CLANG_WARN_INT_CONVERSION = YES;
				CLANG_WARN_NON_LITERAL_NULL_CONVERSION = YES;
				CLANG_WARN_OBJC_IMPLICIT_RETAIN_SELF = YES;
				CLANG_WARN_OBJC_LITERAL_CONVERSION = YES;
				CLANG_WARN_OBJC_ROOT_CLASS = YES_ERROR;
				CLANG_WARN_RANGE_LOOP_ANALYSIS = YES;
				CLANG_WARN_STRICT_PROTOTYPES = YES;
				CLANG_WARN_SUSPICIOUS_MOVE = YES;
				CLANG_WARN_UNGUARDED_AVAILABILITY = YES_AGGRESSIVE;
				CLANG_WARN_UNREACHABLE_CODE = YES;
				CLANG_WARN__DUPLICATE_METHOD_MATCH = YES;
				COPY_PHASE_STRIP = NO;
				DEBUG_INFORMATION_FORMAT = "dwarf-with-dsym";
				ENABLE_NS_ASSERTIONS = NO;
				ENABLE_STRICT_OBJC_MSGSEND = YES;
				GCC_C_LANGUAGE_STANDARD = gnu11;
				GCC_NO_COMMON_BLOCKS = YES;
				GCC_WARN_64_TO_32_BIT_CONVERSION = YES;
				GCC_WARN_ABOUT_RETURN_TYPE = YES_ERROR;
				GCC_WARN_UNDECLARED_SELECTOR = YES;
				GCC_WARN_UNINITIALIZED_AUTOS = YES_AGGRESSIVE;
				GCC_WARN_UNUSED_FUNCTION = YES;
				GCC_WARN_UNUSED_VARIABLE = YES;
				IPHONEOS_DEPLOYMENT_TARGET = 13.4;
				MTL_ENABLE_DEBUG_INFO = NO;
				MTL_FAST_MATH = YES;
				SDKROOT = iphoneos;
				VALIDATE_PRODUCT = YES;
			};
			name = Release;
		};
		BFE508A52447327E006A508B /* Debug */ = {
			isa = XCBuildConfiguration;
			buildSettings = {
				ASSETCATALOG_COMPILER_APPICON_NAME = AppIcon;
				CODE_SIGN_STYLE = Automatic;
				INFOPLIST_FILE = LeeWkWebView/Info.plist;
				LD_RUNPATH_SEARCH_PATHS = (
					"$(inherited)",
					"@executable_path/Frameworks",
				);
				PRODUCT_BUNDLE_IDENTIFIER = xsk.LeeWkWebView;
				PRODUCT_NAME = "$(TARGET_NAME)";
				TARGETED_DEVICE_FAMILY = "1,2";
			};
			name = Debug;
		};
		BFE508A62447327E006A508B /* Release */ = {
			isa = XCBuildConfiguration;
			buildSettings = {
				ASSETCATALOG_COMPILER_APPICON_NAME = AppIcon;
				CODE_SIGN_STYLE = Automatic;
				INFOPLIST_FILE = LeeWkWebView/Info.plist;
				LD_RUNPATH_SEARCH_PATHS = (
					"$(inherited)",
					"@executable_path/Frameworks",
				);
				PRODUCT_BUNDLE_IDENTIFIER = xsk.LeeWkWebView;
				PRODUCT_NAME = "$(TARGET_NAME)";
				TARGETED_DEVICE_FAMILY = "1,2";
			};
			name = Release;
		};
/* End XCBuildConfiguration section */

/* Begin XCConfigurationList section */
		BFE508862447327C006A508B /* Build configuration list for PBXProject "LeeWkWebView" */ = {
			isa = XCConfigurationList;
			buildConfigurations = (
				BFE508A22447327E006A508B /* Debug */,
				BFE508A32447327E006A508B /* Release */,
			);
			defaultConfigurationIsVisible = 0;
			defaultConfigurationName = Release;
		};
		BFE508A42447327E006A508B /* Build configuration list for PBXNativeTarget "LeeWkWebView" */ = {
			isa = XCConfigurationList;
			buildConfigurations = (
				BFE508A52447327E006A508B /* Debug */,
				BFE508A62447327E006A508B /* Release */,
			);
			defaultConfigurationIsVisible = 0;
			defaultConfigurationName = Release;
		};
/* End XCConfigurationList section */
	};
	rootObject = BFE508832447327C006A508B /* Project object */;
}
